// !$*UTF8*$!
{
	archiveVersion = 1;
	classes = {
	};
	objectVersion = 56;
	objects = {

/* Begin PBXBuildFile section */
		01C361842C2300F400D8ED61 /* FilterCell.swift in Sources */ = {isa = PBXBuildFile; fileRef = 01C361832C2300F400D8ED61 /* FilterCell.swift */; };
		01FC71052C22B54F00BC4326 /* AppDelegate.swift in Sources */ = {isa = PBXBuildFile; fileRef = 01FC71042C22B54F00BC4326 /* AppDelegate.swift */; };
		01FC71072C22B54F00BC4326 /* SceneDelegate.swift in Sources */ = {isa = PBXBuildFile; fileRef = 01FC71062C22B54F00BC4326 /* SceneDelegate.swift */; };
		01FC71092C22B54F00BC4326 /* RestaurantListViewController.swift in Sources */ = {isa = PBXBuildFile; fileRef = 01FC71082C22B54F00BC4326 /* RestaurantListViewController.swift */; };
		01FC710E2C22B55100BC4326 /* Assets.xcassets in Resources */ = {isa = PBXBuildFile; fileRef = 01FC710D2C22B55100BC4326 /* Assets.xcassets */; };
		01FC71112C22B55100BC4326 /* Base in Resources */ = {isa = PBXBuildFile; fileRef = 01FC71102C22B55100BC4326 /* Base */; };
		01FC711A2C22B6F700BC4326 /* SnapKit in Frameworks */ = {isa = PBXBuildFile; productRef = 01FC71192C22B6F700BC4326 /* SnapKit */; };
		01FC711D2C22B70A00BC4326 /* Kingfisher in Frameworks */ = {isa = PBXBuildFile; productRef = 01FC711C2C22B70A00BC4326 /* Kingfisher */; };
		01FC711F2C22B77500BC4326 /* TabBarViewController.swift in Sources */ = {isa = PBXBuildFile; fileRef = 01FC711E2C22B77500BC4326 /* TabBarViewController.swift */; };
		01FC71212C22B82E00BC4326 /* RastaurantMapViewController.swift in Sources */ = {isa = PBXBuildFile; fileRef = 01FC71202C22B82E00BC4326 /* RastaurantMapViewController.swift */; };
		01FC71232C22B8ED00BC4326 /* Restaurant.swift in Sources */ = {isa = PBXBuildFile; fileRef = 01FC71222C22B8ED00BC4326 /* Restaurant.swift */; };
		01FC71252C22B9FC00BC4326 /* RestaurantListTableViewCell.swift in Sources */ = {isa = PBXBuildFile; fileRef = 01FC71242C22B9FC00BC4326 /* RestaurantListTableViewCell.swift */; };
/* End PBXBuildFile section */

/* Begin PBXFileReference section */
		01C361832C2300F400D8ED61 /* FilterCell.swift */ = {isa = PBXFileReference; lastKnownFileType = sourcecode.swift; path = FilterCell.swift; sourceTree = "<group>"; };
		01FC71012C22B54F00BC4326 /* SearchRestaurant.app */ = {isa = PBXFileReference; explicitFileType = wrapper.application; includeInIndex = 0; path = SearchRestaurant.app; sourceTree = BUILT_PRODUCTS_DIR; };
		01FC71042C22B54F00BC4326 /* AppDelegate.swift */ = {isa = PBXFileReference; lastKnownFileType = sourcecode.swift; path = AppDelegate.swift; sourceTree = "<group>"; };
		01FC71062C22B54F00BC4326 /* SceneDelegate.swift */ = {isa = PBXFileReference; lastKnownFileType = sourcecode.swift; path = SceneDelegate.swift; sourceTree = "<group>"; };
		01FC71082C22B54F00BC4326 /* RestaurantListViewController.swift */ = {isa = PBXFileReference; lastKnownFileType = sourcecode.swift; path = RestaurantListViewController.swift; sourceTree = "<group>"; };
		01FC710D2C22B55100BC4326 /* Assets.xcassets */ = {isa = PBXFileReference; lastKnownFileType = folder.assetcatalog; path = Assets.xcassets; sourceTree = "<group>"; };
		01FC71102C22B55100BC4326 /* Base */ = {isa = PBXFileReference; lastKnownFileType = file.storyboard; name = Base; path = Base.lproj/LaunchScreen.storyboard; sourceTree = "<group>"; };
		01FC71122C22B55100BC4326 /* Info.plist */ = {isa = PBXFileReference; lastKnownFileType = text.plist.xml; path = Info.plist; sourceTree = "<group>"; };
		01FC711E2C22B77500BC4326 /* TabBarViewController.swift */ = {isa = PBXFileReference; lastKnownFileType = sourcecode.swift; path = TabBarViewController.swift; sourceTree = "<group>"; };
		01FC71202C22B82E00BC4326 /* RastaurantMapViewController.swift */ = {isa = PBXFileReference; lastKnownFileType = sourcecode.swift; path = RastaurantMapViewController.swift; sourceTree = "<group>"; };
		01FC71222C22B8ED00BC4326 /* Restaurant.swift */ = {isa = PBXFileReference; lastKnownFileType = sourcecode.swift; path = Restaurant.swift; sourceTree = "<group>"; };
		01FC71242C22B9FC00BC4326 /* RestaurantListTableViewCell.swift */ = {isa = PBXFileReference; lastKnownFileType = sourcecode.swift; path = RestaurantListTableViewCell.swift; sourceTree = "<group>"; };
/* End PBXFileReference section */

/* Begin PBXFrameworksBuildPhase section */
		01FC70FE2C22B54F00BC4326 /* Frameworks */ = {
			isa = PBXFrameworksBuildPhase;
			buildActionMask = 2147483647;
			files = (
				01FC711D2C22B70A00BC4326 /* Kingfisher in Frameworks */,
				01FC711A2C22B6F700BC4326 /* SnapKit in Frameworks */,
			);
			runOnlyForDeploymentPostprocessing = 0;
		};
/* End PBXFrameworksBuildPhase section */

/* Begin PBXGroup section */
		01FC70F82C22B54F00BC4326 = {
			isa = PBXGroup;
			children = (
				01FC71032C22B54F00BC4326 /* SearchRestaurant */,
				01FC71022C22B54F00BC4326 /* Products */,
			);
			sourceTree = "<group>";
		};
		01FC71022C22B54F00BC4326 /* Products */ = {
			isa = PBXGroup;
			children = (
				01FC71012C22B54F00BC4326 /* SearchRestaurant.app */,
			);
			name = Products;
			sourceTree = "<group>";
		};
		01FC71032C22B54F00BC4326 /* SearchRestaurant */ = {
			isa = PBXGroup;
			children = (
				01FC71042C22B54F00BC4326 /* AppDelegate.swift */,
				01FC71062C22B54F00BC4326 /* SceneDelegate.swift */,
				01FC71082C22B54F00BC4326 /* RestaurantListViewController.swift */,
				01FC71242C22B9FC00BC4326 /* RestaurantListTableViewCell.swift */,
				01FC71202C22B82E00BC4326 /* RastaurantMapViewController.swift */,
				01C361832C2300F400D8ED61 /* FilterCell.swift */,
				01FC71222C22B8ED00BC4326 /* Restaurant.swift */,
				01FC711E2C22B77500BC4326 /* TabBarViewController.swift */,
				01FC710D2C22B55100BC4326 /* Assets.xcassets */,
				01FC710F2C22B55100BC4326 /* LaunchScreen.storyboard */,
				01FC71122C22B55100BC4326 /* Info.plist */,
			);
			path = SearchRestaurant;
			sourceTree = "<group>";
		};
/* End PBXGroup section */

/* Begin PBXNativeTarget section */
		01FC71002C22B54F00BC4326 /* SearchRestaurant */ = {
			isa = PBXNativeTarget;
			buildConfigurationList = 01FC71152C22B55100BC4326 /* Build configuration list for PBXNativeTarget "SearchRestaurant" */;
			buildPhases = (
				01FC70FD2C22B54F00BC4326 /* Sources */,
				01FC70FE2C22B54F00BC4326 /* Frameworks */,
				01FC70FF2C22B54F00BC4326 /* Resources */,
			);
			buildRules = (
			);
			dependencies = (
			);
			name = SearchRestaurant;
			packageProductDependencies = (
				01FC71192C22B6F700BC4326 /* SnapKit */,
				01FC711C2C22B70A00BC4326 /* Kingfisher */,
			);
			productName = SearchRestaurant;
			productReference = 01FC71012C22B54F00BC4326 /* SearchRestaurant.app */;
			productType = "com.apple.product-type.application";
		};
/* End PBXNativeTarget section */

/* Begin PBXProject section */
		01FC70F92C22B54F00BC4326 /* Project object */ = {
			isa = PBXProject;
			attributes = {
				BuildIndependentTargetsInParallel = 1;
				LastSwiftUpdateCheck = 1530;
				LastUpgradeCheck = 1530;
				TargetAttributes = {
					01FC71002C22B54F00BC4326 = {
						CreatedOnToolsVersion = 15.3;
					};
				};
			};
			buildConfigurationList = 01FC70FC2C22B54F00BC4326 /* Build configuration list for PBXProject "SearchRestaurant" */;
			compatibilityVersion = "Xcode 14.0";
			developmentRegion = en;
			hasScannedForEncodings = 0;
			knownRegions = (
				en,
				Base,
			);
			mainGroup = 01FC70F82C22B54F00BC4326;
			packageReferences = (
				01FC71182C22B6F700BC4326 /* XCRemoteSwiftPackageReference "SnapKit" */,
				01FC711B2C22B70A00BC4326 /* XCRemoteSwiftPackageReference "Kingfisher" */,
			);
			productRefGroup = 01FC71022C22B54F00BC4326 /* Products */;
			projectDirPath = "";
			projectRoot = "";
			targets = (
				01FC71002C22B54F00BC4326 /* SearchRestaurant */,
			);
		};
/* End PBXProject section */

/* Begin PBXResourcesBuildPhase section */
		01FC70FF2C22B54F00BC4326 /* Resources */ = {
			isa = PBXResourcesBuildPhase;
			buildActionMask = 2147483647;
			files = (
				01FC710E2C22B55100BC4326 /* Assets.xcassets in Resources */,
				01FC71112C22B55100BC4326 /* Base in Resources */,
			);
			runOnlyForDeploymentPostprocessing = 0;
		};
/* End PBXResourcesBuildPhase section */

/* Begin PBXSourcesBuildPhase section */
		01FC70FD2C22B54F00BC4326 /* Sources */ = {
			isa = PBXSourcesBuildPhase;
			buildActionMask = 2147483647;
			files = (
				01FC711F2C22B77500BC4326 /* TabBarViewController.swift in Sources */,
				01C361842C2300F400D8ED61 /* FilterCell.swift in Sources */,
				01FC71252C22B9FC00BC4326 /* RestaurantListTableViewCell.swift in Sources */,
				01FC71092C22B54F00BC4326 /* RestaurantListViewController.swift in Sources */,
				01FC71232C22B8ED00BC4326 /* Restaurant.swift in Sources */,
				01FC71052C22B54F00BC4326 /* AppDelegate.swift in Sources */,
				01FC71212C22B82E00BC4326 /* RastaurantMapViewController.swift in Sources */,
				01FC71072C22B54F00BC4326 /* SceneDelegate.swift in Sources */,
			);
			runOnlyForDeploymentPostprocessing = 0;
		};
/* End PBXSourcesBuildPhase section */

/* Begin PBXVariantGroup section */
		01FC710F2C22B55100BC4326 /* LaunchScreen.storyboard */ = {
			isa = PBXVariantGroup;
			children = (
				01FC71102C22B55100BC4326 /* Base */,
			);
			name = LaunchScreen.storyboard;
			sourceTree = "<group>";
		};
/* End PBXVariantGroup section */

/* Begin XCBuildConfiguration section */
		01FC71132C22B55100BC4326 /* Debug */ = {
			isa = XCBuildConfiguration;
			buildSettings = {
				ALWAYS_SEARCH_USER_PATHS = NO;
				ASSETCATALOG_COMPILER_GENERATE_SWIFT_ASSET_SYMBOL_EXTENSIONS = YES;
				CLANG_ANALYZER_NONNULL = YES;
				CLANG_ANALYZER_NUMBER_OBJECT_CONVERSION = YES_AGGRESSIVE;
				CLANG_CXX_LANGUAGE_STANDARD = "gnu++20";
				CLANG_ENABLE_MODULES = YES;
				CLANG_ENABLE_OBJC_ARC = YES;
				CLANG_ENABLE_OBJC_WEAK = YES;
				CLANG_WARN_BLOCK_CAPTURE_AUTORELEASING = YES;
				CLANG_WARN_BOOL_CONVERSION = YES;
				CLANG_WARN_COMMA = YES;
				CLANG_WARN_CONSTANT_CONVERSION = YES;
				CLANG_WARN_DEPRECATED_OBJC_IMPLEMENTATIONS = YES;
				CLANG_WARN_DIRECT_OBJC_ISA_USAGE = YES_ERROR;
				CLANG_WARN_DOCUMENTATION_COMMENTS = YES;
				CLANG_WARN_EMPTY_BODY = YES;
				CLANG_WARN_ENUM_CONVERSION = YES;
				CLANG_WARN_INFINITE_RECURSION = YES;
				CLANG_WARN_INT_CONVERSION = YES;
				CLANG_WARN_NON_LITERAL_NULL_CONVERSION = YES;
				CLANG_WARN_OBJC_IMPLICIT_RETAIN_SELF = YES;
				CLANG_WARN_OBJC_LITERAL_CONVERSION = YES;
				CLANG_WARN_OBJC_ROOT_CLASS = YES_ERROR;
				CLANG_WARN_QUOTED_INCLUDE_IN_FRAMEWORK_HEADER = YES;
				CLANG_WARN_RANGE_LOOP_ANALYSIS = YES;
				CLANG_WARN_STRICT_PROTOTYPES = YES;
				CLANG_WARN_SUSPICIOUS_MOVE = YES;
				CLANG_WARN_UNGUARDED_AVAILABILITY = YES_AGGRESSIVE;
				CLANG_WARN_UNREACHABLE_CODE = YES;
				CLANG_WARN__DUPLICATE_METHOD_MATCH = YES;
				COPY_PHASE_STRIP = NO;
				DEBUG_INFORMATION_FORMAT = dwarf;
				ENABLE_STRICT_OBJC_MSGSEND = YES;
				ENABLE_TESTABILITY = YES;
				ENABLE_USER_SCRIPT_SANDBOXING = YES;
				GCC_C_LANGUAGE_STANDARD = gnu17;
				GCC_DYNAMIC_NO_PIC = NO;
				GCC_NO_COMMON_BLOCKS = YES;
				GCC_OPTIMIZATION_LEVEL = 0;
				GCC_PREPROCESSOR_DEFINITIONS = (
					"DEBUG=1",
					"$(inherited)",
				);
				GCC_WARN_64_TO_32_BIT_CONVERSION = YES;
				GCC_WARN_ABOUT_RETURN_TYPE = YES_ERROR;
				GCC_WARN_UNDECLARED_SELECTOR = YES;
				GCC_WARN_UNINITIALIZED_AUTOS = YES_AGGRESSIVE;
				GCC_WARN_UNUSED_FUNCTION = YES;
				GCC_WARN_UNUSED_VARIABLE = YES;
				IPHONEOS_DEPLOYMENT_TARGET = 17.4;
				LOCALIZATION_PREFERS_STRING_CATALOGS = YES;
				MTL_ENABLE_DEBUG_INFO = INCLUDE_SOURCE;
				MTL_FAST_MATH = YES;
				ONLY_ACTIVE_ARCH = YES;
				SDKROOT = iphoneos;
				SWIFT_ACTIVE_COMPILATION_CONDITIONS = "DEBUG $(inherited)";
				SWIFT_OPTIMIZATION_LEVEL = "-Onone";
			};
			name = Debug;
		};
		01FC71142C22B55100BC4326 /* Release */ = {
			isa = XCBuildConfiguration;
			buildSettings = {
				ALWAYS_SEARCH_USER_PATHS = NO;
				ASSETCATALOG_COMPILER_GENERATE_SWIFT_ASSET_SYMBOL_EXTENSIONS = YES;
				CLANG_ANALYZER_NONNULL = YES;
				CLANG_ANALYZER_NUMBER_OBJECT_CONVERSION = YES_AGGRESSIVE;
				CLANG_CXX_LANGUAGE_STANDARD = "gnu++20";
				CLANG_ENABLE_MODULES = YES;
				CLANG_ENABLE_OBJC_ARC = YES;
				CLANG_ENABLE_OBJC_WEAK = YES;
				CLANG_WARN_BLOCK_CAPTURE_AUTORELEASING = YES;
				CLANG_WARN_BOOL_CONVERSION = YES;
				CLANG_WARN_COMMA = YES;
				CLANG_WARN_CONSTANT_CONVERSION = YES;
				CLANG_WARN_DEPRECATED_OBJC_IMPLEMENTATIONS = YES;
				CLANG_WARN_DIRECT_OBJC_ISA_USAGE = YES_ERROR;
				CLANG_WARN_DOCUMENTATION_COMMENTS = YES;
				CLANG_WARN_EMPTY_BODY = YES;
				CLANG_WARN_ENUM_CONVERSION = YES;
				CLANG_WARN_INFINITE_RECURSION = YES;
				CLANG_WARN_INT_CONVERSION = YES;
				CLANG_WARN_NON_LITERAL_NULL_CONVERSION = YES;
				CLANG_WARN_OBJC_IMPLICIT_RETAIN_SELF = YES;
				CLANG_WARN_OBJC_LITERAL_CONVERSION = YES;
				CLANG_WARN_OBJC_ROOT_CLASS = YES_ERROR;
				CLANG_WARN_QUOTED_INCLUDE_IN_FRAMEWORK_HEADER = YES;
				CLANG_WARN_RANGE_LOOP_ANALYSIS = YES;
				CLANG_WARN_STRICT_PROTOTYPES = YES;
				CLANG_WARN_SUSPICIOUS_MOVE = YES;
				CLANG_WARN_UNGUARDED_AVAILABILITY = YES_AGGRESSIVE;
				CLANG_WARN_UNREACHABLE_CODE = YES;
				CLANG_WARN__DUPLICATE_METHOD_MATCH = YES;
				COPY_PHASE_STRIP = NO;
				DEBUG_INFORMATION_FORMAT = "dwarf-with-dsym";
				ENABLE_NS_ASSERTIONS = NO;
				ENABLE_STRICT_OBJC_MSGSEND = YES;
				ENABLE_USER_SCRIPT_SANDBOXING = YES;
				GCC_C_LANGUAGE_STANDARD = gnu17;
				GCC_NO_COMMON_BLOCKS = YES;
				GCC_WARN_64_TO_32_BIT_CONVERSION = YES;
				GCC_WARN_ABOUT_RETURN_TYPE = YES_ERROR;
				GCC_WARN_UNDECLARED_SELECTOR = YES;
				GCC_WARN_UNINITIALIZED_AUTOS = YES_AGGRESSIVE;
				GCC_WARN_UNUSED_FUNCTION = YES;
				GCC_WARN_UNUSED_VARIABLE = YES;
				IPHONEOS_DEPLOYMENT_TARGET = 17.4;
				LOCALIZATION_PREFERS_STRING_CATALOGS = YES;
				MTL_ENABLE_DEBUG_INFO = NO;
				MTL_FAST_MATH = YES;
				SDKROOT = iphoneos;
				SWIFT_COMPILATION_MODE = wholemodule;
				VALIDATE_PRODUCT = YES;
			};
			name = Release;
		};
		01FC71162C22B55100BC4326 /* Debug */ = {
			isa = XCBuildConfiguration;
			buildSettings = {
				ASSETCATALOG_COMPILER_APPICON_NAME = AppIcon;
				ASSETCATALOG_COMPILER_GLOBAL_ACCENT_COLOR_NAME = AccentColor;
				CODE_SIGN_STYLE = Automatic;
				CURRENT_PROJECT_VERSION = 1;
				DEVELOPMENT_TEAM = 7S6PH8TVFD;
				GENERATE_INFOPLIST_FILE = YES;
				INFOPLIST_FILE = SearchRestaurant/Info.plist;
				INFOPLIST_KEY_UIApplicationSupportsIndirectInputEvents = YES;
				INFOPLIST_KEY_UILaunchStoryboardName = LaunchScreen;
				INFOPLIST_KEY_UISupportedInterfaceOrientations = UIInterfaceOrientationPortrait;
				INFOPLIST_KEY_UISupportedInterfaceOrientations_iPad = "UIInterfaceOrientationLandscapeLeft UIInterfaceOrientationLandscapeRight UIInterfaceOrientationPortrait UIInterfaceOrientationPortraitUpsideDown";
				IPHONEOS_DEPLOYMENT_TARGET = 17.4;
				LD_RUNPATH_SEARCH_PATHS = (
					"$(inherited)",
					"@executable_path/Frameworks",
				);
				MARKETING_VERSION = 1.0;
				PRODUCT_BUNDLE_IDENTIFIER = com.seokho.SearchRestaurant;
				PRODUCT_NAME = "$(TARGET_NAME)";
				SUPPORTED_PLATFORMS = "iphoneos iphonesimulator";
				SUPPORTS_MACCATALYST = NO;
				SUPPORTS_MAC_DESIGNED_FOR_IPHONE_IPAD = NO;
				SUPPORTS_XR_DESIGNED_FOR_IPHONE_IPAD = NO;
				SWIFT_EMIT_LOC_STRINGS = YES;
				SWIFT_VERSION = 5.0;
				TARGETED_DEVICE_FAMILY = 1;
			};
			name = Debug;
		};
		01FC71172C22B55100BC4326 /* Release */ = {
			isa = XCBuildConfiguration;
			buildSettings = {
				ASSETCATALOG_COMPILER_APPICON_NAME = AppIcon;
				ASSETCATALOG_COMPILER_GLOBAL_ACCENT_COLOR_NAME = AccentColor;
				CODE_SIGN_STYLE = Automatic;
				CURRENT_PROJECT_VERSION = 1;
				DEVELOPMENT_TEAM = 7S6PH8TVFD;
				GENERATE_INFOPLIST_FILE = YES;
				INFOPLIST_FILE = SearchRestaurant/Info.plist;
				INFOPLIST_KEY_UIApplicationSupportsIndirectInputEvents = YES;
				INFOPLIST_KEY_UILaunchStoryboardName = LaunchScreen;
				INFOPLIST_KEY_UISupportedInterfaceOrientations = UIInterfaceOrientationPortrait;
				INFOPLIST_KEY_UISupportedInterfaceOrientations_iPad = "UIInterfaceOrientationLandscapeLeft UIInterfaceOrientationLandscapeRight UIInterfaceOrientationPortrait UIInterfaceOrientationPortraitUpsideDown";
				IPHONEOS_DEPLOYMENT_TARGET = 17.4;
				LD_RUNPATH_SEARCH_PATHS = (
					"$(inherited)",
					"@executable_path/Frameworks",
				);
				MARKETING_VERSION = 1.0;
				PRODUCT_BUNDLE_IDENTIFIER = com.seokho.SearchRestaurant;
				PRODUCT_NAME = "$(TARGET_NAME)";
				SUPPORTED_PLATFORMS = "iphoneos iphonesimulator";
				SUPPORTS_MACCATALYST = NO;
				SUPPORTS_MAC_DESIGNED_FOR_IPHONE_IPAD = NO;
				SUPPORTS_XR_DESIGNED_FOR_IPHONE_IPAD = NO;
				SWIFT_EMIT_LOC_STRINGS = YES;
				SWIFT_VERSION = 5.0;
				TARGETED_DEVICE_FAMILY = 1;
			};
			name = Release;
		};
/* End XCBuildConfiguration section */

/* Begin XCConfigurationList section */
		01FC70FC2C22B54F00BC4326 /* Build configuration list for PBXProject "SearchRestaurant" */ = {
			isa = XCConfigurationList;
			buildConfigurations = (
				01FC71132C22B55100BC4326 /* Debug */,
				01FC71142C22B55100BC4326 /* Release */,
			);
			defaultConfigurationIsVisible = 0;
			defaultConfigurationName = Release;
		};
		01FC71152C22B55100BC4326 /* Build configuration list for PBXNativeTarget "SearchRestaurant" */ = {
			isa = XCConfigurationList;
			buildConfigurations = (
				01FC71162C22B55100BC4326 /* Debug */,
				01FC71172C22B55100BC4326 /* Release */,
			);
			defaultConfigurationIsVisible = 0;
			defaultConfigurationName = Release;
		};
/* End XCConfigurationList section */

/* Begin XCRemoteSwiftPackageReference section */
		01FC71182C22B6F700BC4326 /* XCRemoteSwiftPackageReference "SnapKit" */ = {
			isa = XCRemoteSwiftPackageReference;
			repositoryURL = "https://github.com/SnapKit/SnapKit";
			requirement = {
				kind = upToNextMajorVersion;
				minimumVersion = 5.7.1;
			};
		};
		01FC711B2C22B70A00BC4326 /* XCRemoteSwiftPackageReference "Kingfisher" */ = {
			isa = XCRemoteSwiftPackageReference;
			repositoryURL = "https://github.com/onevcat/Kingfisher.git";
			requirement = {
				kind = upToNextMajorVersion;
				minimumVersion = 7.12.0;
			};
		};
/* End XCRemoteSwiftPackageReference section */

/* Begin XCSwiftPackageProductDependency section */
		01FC71192C22B6F700BC4326 /* SnapKit */ = {
			isa = XCSwiftPackageProductDependency;
			package = 01FC71182C22B6F700BC4326 /* XCRemoteSwiftPackageReference "SnapKit" */;
			productName = SnapKit;
		};
		01FC711C2C22B70A00BC4326 /* Kingfisher */ = {
			isa = XCSwiftPackageProductDependency;
			package = 01FC711B2C22B70A00BC4326 /* XCRemoteSwiftPackageReference "Kingfisher" */;
			productName = Kingfisher;
		};
/* End XCSwiftPackageProductDependency section */
	};
	rootObject = 01FC70F92C22B54F00BC4326 /* Project object */;
}
